
Microsoft Visual Studio Solution File, Format Version 12.00
# Visual Studio 15
VisualStudioVersion = 15.0.26730.15
MinimumVisualStudioVersion = 10.0.40219.1
Project("{2150E333-8FDC-42A3-9474-1A3956D46DE8}") = "DAL", "DAL", "{065AEB1A-D080-41FA-8736-BC6474FDFA96}"
EndProject
Project("{2150E333-8FDC-42A3-9474-1A3956D46DE8}") = "BLL", "BLL", "{AC286659-F090-4EF6-A1F4-C16B7C963ECA}"
EndProject
Project("{2150E333-8FDC-42A3-9474-1A3956D46DE8}") = "UI", "UI", "{F4C0070B-D068-42BF-8281-CDC9F0AAE373}"
EndProject
Project("{FAE04EC0-301F-11D3-BF4B-00C04F79EFBC}") = "DAL.Entities", "DAL\DAL.Entities\DAL.Entities.csproj", "{B81041D9-9015-4097-BECF-85EF8B4D3053}"
EndProject
Project("{FAE04EC0-301F-11D3-BF4B-00C04F79EFBC}") = "DAL.Repositories", "DAL\DAL.Repositories\DAL.Repositories.csproj", "{1291B111-5539-4970-B2E9-CDD46329B0C1}"
EndProject
Project("{FAE04EC0-301F-11D3-BF4B-00C04F79EFBC}") = "DAL.Test", "DAL\DAL.Test\DAL.Test.csproj", "{F80B2B6B-3F07-4578-907A-540B55E52F2D}"
EndProject
Project("{FAE04EC0-301F-11D3-BF4B-00C04F79EFBC}") = "DAL.Core", "DAL\DAL.Core\DAL.Core.csproj", "{2392DF76-1FDF-451A-BBC4-387DB9BC7F2A}"
EndProject
Project("{2150E333-8FDC-42A3-9474-1A3956D46DE8}") = "COM", "COM", "{324F6261-4B01-42CF-8A06-B8DA588D50DE}"
EndProject
Project("{FAE04EC0-301F-11D3-BF4B-00C04F79EFBC}") = "COM.Common", "COM\COM.Common\COM.Common.csproj", "{95FC55D3-E856-4D4D-8B59-928B57D13FF5}"
EndProject
Project("{FAE04EC0-301F-11D3-BF4B-00C04F79EFBC}") = "BLL.Test", "BLL\BLL.Test\BLL.Test.csproj", "{55DA171C-B4B4-44C7-AFB7-B9B674BB2B52}"
EndProject
Project("{FAE04EC0-301F-11D3-BF4B-00C04F79EFBC}") = "BLL.Service", "BLL\BLL.Service\BLL.Service.csproj", "{CD2810AF-3F64-4486-A255-3E5D5446900D}"
EndProject
Project("{FAE04EC0-301F-11D3-BF4B-00C04F79EFBC}") = "UI.Api", "UI\UI.Api\UI.Api.csproj", "{8A182600-D1D7-4DF7-B83E-4B3FF25A0718}"
EndProject
Global
	GlobalSection(SolutionConfigurationPlatforms) = preSolution
		Debug|Any CPU = Debug|Any CPU
		Release|Any CPU = Release|Any CPU
	EndGlobalSection
	GlobalSection(ProjectConfigurationPlatforms) = postSolution
		{B81041D9-9015-4097-BECF-85EF8B4D3053}.Debug|Any CPU.ActiveCfg = Debug|Any CPU
		{B81041D9-9015-4097-BECF-85EF8B4D3053}.Debug|Any CPU.Build.0 = Debug|Any CPU
		{B81041D9-9015-4097-BECF-85EF8B4D3053}.Release|Any CPU.ActiveCfg = Release|Any CPU
		{B81041D9-9015-4097-BECF-85EF8B4D3053}.Release|Any CPU.Build.0 = Release|Any CPU
		{1291B111-5539-4970-B2E9-CDD46329B0C1}.Debug|Any CPU.ActiveCfg = Debug|Any CPU
		{1291B111-5539-4970-B2E9-CDD46329B0C1}.Debug|Any CPU.Build.0 = Debug|Any CPU
		{1291B111-5539-4970-B2E9-CDD46329B0C1}.Release|Any CPU.ActiveCfg = Release|Any CPU
		{1291B111-5539-4970-B2E9-CDD46329B0C1}.Release|Any CPU.Build.0 = Release|Any CPU
		{F80B2B6B-3F07-4578-907A-540B55E52F2D}.Debug|Any CPU.ActiveCfg = Debug|Any CPU
		{F80B2B6B-3F07-4578-907A-540B55E52F2D}.Debug|Any CPU.Build.0 = Debug|Any CPU
		{F80B2B6B-3F07-4578-907A-540B55E52F2D}.Release|Any CPU.ActiveCfg = Release|Any CPU
		{F80B2B6B-3F07-4578-907A-540B55E52F2D}.Release|Any CPU.Build.0 = Release|Any CPU
		{2392DF76-1FDF-451A-BBC4-387DB9BC7F2A}.Debug|Any CPU.ActiveCfg = Debug|Any CPU
		{2392DF76-1FDF-451A-BBC4-387DB9BC7F2A}.Debug|Any CPU.Build.0 = Debug|Any CPU
		{2392DF76-1FDF-451A-BBC4-387DB9BC7F2A}.Release|Any CPU.ActiveCfg = Release|Any CPU
		{2392DF76-1FDF-451A-BBC4-387DB9BC7F2A}.Release|Any CPU.Build.0 = Release|Any CPU
		{95FC55D3-E856-4D4D-8B59-928B57D13FF5}.Debug|Any CPU.ActiveCfg = Debug|Any CPU
		{95FC55D3-E856-4D4D-8B59-928B57D13FF5}.Debug|Any CPU.Build.0 = Debug|Any CPU
		{95FC55D3-E856-4D4D-8B59-928B57D13FF5}.Release|Any CPU.ActiveCfg = Release|Any CPU
		{95FC55D3-E856-4D4D-8B59-928B57D13FF5}.Release|Any CPU.Build.0 = Release|Any CPU
		{55DA171C-B4B4-44C7-AFB7-B9B674BB2B52}.Debug|Any CPU.ActiveCfg = Debug|Any CPU
		{55DA171C-B4B4-44C7-AFB7-B9B674BB2B52}.Debug|Any CPU.Build.0 = Debug|Any CPU
		{55DA171C-B4B4-44C7-AFB7-B9B674BB2B52}.Release|Any CPU.ActiveCfg = Release|Any CPU
		{55DA171C-B4B4-44C7-AFB7-B9B674BB2B52}.Release|Any CPU.Build.0 = Release|Any CPU
		{CD2810AF-3F64-4486-A255-3E5D5446900D}.Debug|Any CPU.ActiveCfg = Debug|Any CPU
		{CD2810AF-3F64-4486-A255-3E5D5446900D}.Debug|Any CPU.Build.0 = Debug|Any CPU
		{CD2810AF-3F64-4486-A255-3E5D5446900D}.Release|Any CPU.ActiveCfg = Release|Any CPU
		{CD2810AF-3F64-4486-A255-3E5D5446900D}.Release|Any CPU.Build.0 = Release|Any CPU
		{8A182600-D1D7-4DF7-B83E-4B3FF25A0718}.Debug|Any CPU.ActiveCfg = Debug|Any CPU
		{8A182600-D1D7-4DF7-B83E-4B3FF25A0718}.Debug|Any CPU.Build.0 = Debug|Any CPU
		{8A182600-D1D7-4DF7-B83E-4B3FF25A0718}.Release|Any CPU.ActiveCfg = Release|Any CPU
		{8A182600-D1D7-4DF7-B83E-4B3FF25A0718}.Release|Any CPU.Build.0 = Release|Any CPU
	EndGlobalSection
	GlobalSection(SolutionProperties) = preSolution
		HideSolutionNode = FALSE
	EndGlobalSection
	GlobalSection(NestedProjects) = preSolution
		{B81041D9-9015-4097-BECF-85EF8B4D3053} = {065AEB1A-D080-41FA-8736-BC6474FDFA96}
		{1291B111-5539-4970-B2E9-CDD46329B0C1} = {065AEB1A-D080-41FA-8736-BC6474FDFA96}
		{F80B2B6B-3F07-4578-907A-540B55E52F2D} = {065AEB1A-D080-41FA-8736-BC6474FDFA96}
		{2392DF76-1FDF-451A-BBC4-387DB9BC7F2A} = {065AEB1A-D080-41FA-8736-BC6474FDFA96}
		{95FC55D3-E856-4D4D-8B59-928B57D13FF5} = {324F6261-4B01-42CF-8A06-B8DA588D50DE}
		{55DA171C-B4B4-44C7-AFB7-B9B674BB2B52} = {AC286659-F090-4EF6-A1F4-C16B7C963ECA}
		{CD2810AF-3F64-4486-A255-3E5D5446900D} = {AC286659-F090-4EF6-A1F4-C16B7C963ECA}
		{8A182600-D1D7-4DF7-B83E-4B3FF25A0718} = {F4C0070B-D068-42BF-8281-CDC9F0AAE373}
	EndGlobalSection
	GlobalSection(ExtensibilityGlobals) = postSolution
		SolutionGuid = {2930370E-9942-4A99-85C6-A1DA30A65722}
	EndGlobalSection
EndGlobal
